
Microsoft Visual Studio Solution File, Format Version 12.00
Project("{FAE04EC0-301F-11D3-BF4B-00C04F79EFBC}") = "Producer", "Producer\Producer.csproj", "{D17E31C2-FD64-4905-BCAC-CE5424210119}"
EndProject
Project("{FAE04EC0-301F-11D3-BF4B-00C04F79EFBC}") = "Consumer", "Consumer\Consumer.csproj", "{DD64C53D-D38E-493D-BD6C-7711ECF9F5FE}"
EndProject
Project("{FAE04EC0-301F-11D3-BF4B-00C04F79EFBC}") = "Contracts", "Contracts\Contracts.csproj", "{9F35F1C3-8318-48AB-8C39-D4413E0A0447}"
EndProject
Global
	GlobalSection(SolutionConfigurationPlatforms) = preSolution
		Debug|Any CPU = Debug|Any CPU
		Release|Any CPU = Release|Any CPU
	EndGlobalSection
	GlobalSection(ProjectConfigurationPlatforms) = postSolution
		{D17E31C2-FD64-4905-BCAC-CE5424210119}.Debug|Any CPU.ActiveCfg = Debug|Any CPU
		{D17E31C2-FD64-4905-BCAC-CE5424210119}.Debug|Any CPU.Build.0 = Debug|Any CPU
		{D17E31C2-FD64-4905-BCAC-CE5424210119}.Release|Any CPU.ActiveCfg = Release|Any CPU
		{D17E31C2-FD64-4905-BCAC-CE5424210119}.Release|Any CPU.Build.0 = Release|Any CPU
		{DD64C53D-D38E-493D-BD6C-7711ECF9F5FE}.Debug|Any CPU.ActiveCfg = Debug|Any CPU
		{DD64C53D-D38E-493D-BD6C-7711ECF9F5FE}.Debug|Any CPU.Build.0 = Debug|Any CPU
		{DD64C53D-D38E-493D-BD6C-7711ECF9F5FE}.Release|Any CPU.ActiveCfg = Release|Any CPU
		{DD64C53D-D38E-493D-BD6C-7711ECF9F5FE}.Release|Any CPU.Build.0 = Release|Any CPU
		{9F35F1C3-8318-48AB-8C39-D4413E0A0447}.Debug|Any CPU.ActiveCfg = Debug|Any CPU
		{9F35F1C3-8318-48AB-8C39-D4413E0A0447}.Debug|Any CPU.Build.0 = Debug|Any CPU
		{9F35F1C3-8318-48AB-8C39-D4413E0A0447}.Release|Any CPU.ActiveCfg = Release|Any CPU
		{9F35F1C3-8318-48AB-8C39-D4413E0A0447}.Release|Any CPU.Build.0 = Release|Any CPU
	EndGlobalSection
	GlobalSection(NestedProjects) = preSolution
	EndGlobalSection
EndGlobal
